
Microsoft Visual Studio Solution File, Format Version 11.00
# Visual Studio 2010
Project("{E24C65DC-7377-472B-9ABA-BC803B73C61A}") = "BomberJS", "D:\Projects\BomberJS\", "{519CBF1B-90BB-4831-8190-3B3A6BE957F6}"
	ProjectSection(WebsiteProperties) = preProject
		TargetFrameworkMoniker = ".NETFramework,Version%3Dv4.0"
		Debug.AspNetCompiler.VirtualPath = "/BomberJS"
		Debug.AspNetCompiler.PhysicalPath = "D:\Projects\BomberJS\"
		Debug.AspNetCompiler.TargetPath = "PrecompiledWeb\BomberJS\"
		Debug.AspNetCompiler.Updateable = "true"
		Debug.AspNetCompiler.ForceOverwrite = "true"
		Debug.AspNetCompiler.FixedNames = "false"
		Debug.AspNetCompiler.Debug = "True"
		Release.AspNetCompiler.VirtualPath = "/BomberJS"
		Release.AspNetCompiler.PhysicalPath = "D:\Projects\BomberJS\"
		Release.AspNetCompiler.TargetPath = "PrecompiledWeb\BomberJS\"
		Release.AspNetCompiler.Updateable = "true"
		Release.AspNetCompiler.ForceOverwrite = "true"
		Release.AspNetCompiler.FixedNames = "false"
		Release.AspNetCompiler.Debug = "False"
		VWDPort = "56586"
	EndProjectSection
EndProject
Global
	GlobalSection(SolutionConfigurationPlatforms) = preSolution
		Debug|Any CPU = Debug|Any CPU
	EndGlobalSection
	GlobalSection(ProjectConfigurationPlatforms) = postSolution
		{519CBF1B-90BB-4831-8190-3B3A6BE957F6}.Debug|Any CPU.ActiveCfg = Debug|Any CPU
		{519CBF1B-90BB-4831-8190-3B3A6BE957F6}.Debug|Any CPU.Build.0 = Debug|Any CPU
	EndGlobalSection
	GlobalSection(SolutionProperties) = preSolution
		HideSolutionNode = FALSE
	EndGlobalSection
EndGlobal
